
Microsoft Visual Studio Solution File, Format Version 12.00
# Visual Studio Version 16
VisualStudioVersion = 16.0.31019.35
MinimumVisualStudioVersion = 10.0.40219.1
Project("{FAE04EC0-301F-11D3-BF4B-00C04F79EFBC}") = "Znn CLicker", "Znn CLicker\Znn CLicker.csproj", "{B5CDA63D-81F4-4B7C-8641-97ABF00CB7DB}"
EndProject
Project("{54435603-DBB4-11D2-8724-00A0C9A8B90C}") = "Setup", "Setup\Setup.vdproj", "{9778E4C7-D9D2-4F07-9259-96D58DA41F0C}"
EndProject
Global
	GlobalSection(SolutionConfigurationPlatforms) = preSolution
		Debug|Any CPU = Debug|Any CPU
		Release|Any CPU = Release|Any CPU
	EndGlobalSection
	GlobalSection(ProjectConfigurationPlatforms) = postSolution
		{B5CDA63D-81F4-4B7C-8641-97ABF00CB7DB}.Debug|Any CPU.ActiveCfg = Debug|Any CPU
		{B5CDA63D-81F4-4B7C-8641-97ABF00CB7DB}.Debug|Any CPU.Build.0 = Debug|Any CPU
		{B5CDA63D-81F4-4B7C-8641-97ABF00CB7DB}.Release|Any CPU.ActiveCfg = Release|Any CPU
		{B5CDA63D-81F4-4B7C-8641-97ABF00CB7DB}.Release|Any CPU.Build.0 = Release|Any CPU
		{9778E4C7-D9D2-4F07-9259-96D58DA41F0C}.Debug|Any CPU.ActiveCfg = Debug
		{9778E4C7-D9D2-4F07-9259-96D58DA41F0C}.Release|Any CPU.ActiveCfg = Release
	EndGlobalSection
	GlobalSection(SolutionProperties) = preSolution
		HideSolutionNode = FALSE
	EndGlobalSection
	GlobalSection(ExtensibilityGlobals) = postSolution
		SolutionGuid = {141AD078-A694-4F17-89CE-DDB8692FD378}
	EndGlobalSection
EndGlobal
